
Microsoft Visual Studio Solution File, Format Version 12.00
# Visual Studio Version 16
VisualStudioVersion = 16.0.31702.278
MinimumVisualStudioVersion = 10.0.40219.1
Project("{FAE04EC0-301F-11D3-BF4B-00C04F79EFBC}") = "ServerConfigForm-P5-20190140035", "ServerConfigForm-P5-20190140035\ServerConfigForm-P5-20190140035.csproj", "{C439E9F0-81D6-41B7-A3F3-4767C9DA32FE}"
EndProject
Global
	GlobalSection(SolutionConfigurationPlatforms) = preSolution
		Debug|Any CPU = Debug|Any CPU
		Release|Any CPU = Release|Any CPU
	EndGlobalSection
	GlobalSection(ProjectConfigurationPlatforms) = postSolution
		{C439E9F0-81D6-41B7-A3F3-4767C9DA32FE}.Debug|Any CPU.ActiveCfg = Debug|Any CPU
		{C439E9F0-81D6-41B7-A3F3-4767C9DA32FE}.Debug|Any CPU.Build.0 = Debug|Any CPU
		{C439E9F0-81D6-41B7-A3F3-4767C9DA32FE}.Release|Any CPU.ActiveCfg = Release|Any CPU
		{C439E9F0-81D6-41B7-A3F3-4767C9DA32FE}.Release|Any CPU.Build.0 = Release|Any CPU
	EndGlobalSection
	GlobalSection(SolutionProperties) = preSolution
		HideSolutionNode = FALSE
	EndGlobalSection
	GlobalSection(ExtensibilityGlobals) = postSolution
		SolutionGuid = {DA1EA957-F56C-49B5-AAAD-0C2EB2DC415E}
	EndGlobalSection
EndGlobal
